
Microsoft Visual Studio Solution File, Format Version 12.00
# Visual Studio Version 16
VisualStudioVersion = 16.0.33130.400
MinimumVisualStudioVersion = 10.0.40219.1
Project("{FAE04EC0-301F-11D3-BF4B-00C04F79EFBC}") = "Dashboard", "Dashboard.csproj", "{68A51E71-2F9F-47C5-80E6-42E0C41F82D5}"
EndProject
Global
	GlobalSection(SolutionConfigurationPlatforms) = preSolution
		Debug|Any CPU = Debug|Any CPU
		Release|Any CPU = Release|Any CPU
	EndGlobalSection
	GlobalSection(ProjectConfigurationPlatforms) = postSolution
		{68A51E71-2F9F-47C5-80E6-42E0C41F82D5}.Debug|Any CPU.ActiveCfg = Debug|Any CPU
		{68A51E71-2F9F-47C5-80E6-42E0C41F82D5}.Debug|Any CPU.Build.0 = Debug|Any CPU
		{68A51E71-2F9F-47C5-80E6-42E0C41F82D5}.Release|Any CPU.ActiveCfg = Release|Any CPU
		{68A51E71-2F9F-47C5-80E6-42E0C41F82D5}.Release|Any CPU.Build.0 = Release|Any CPU
	EndGlobalSection
	GlobalSection(SolutionProperties) = preSolution
		HideSolutionNode = FALSE
	EndGlobalSection
	GlobalSection(ExtensibilityGlobals) = postSolution
		SolutionGuid = {8DB6735D-10FA-4182-A2C3-87059658352A}
	EndGlobalSection
EndGlobal
