
Microsoft Visual Studio Solution File, Format Version 12.00
# Visual Studio Version 16
VisualStudioVersion = 16.0.33130.400
MinimumVisualStudioVersion = 10.0.40219.1
Project("{FAE04EC0-301F-11D3-BF4B-00C04F79EFBC}") = "ThemeIntegration", "ThemeIntegration\ThemeIntegration.csproj", "{002B8A7B-D9B4-43C9-9762-3A7B6D1522B8}"
EndProject
Global
	GlobalSection(SolutionConfigurationPlatforms) = preSolution
		Debug|Any CPU = Debug|Any CPU
		Release|Any CPU = Release|Any CPU
	EndGlobalSection
	GlobalSection(ProjectConfigurationPlatforms) = postSolution
		{002B8A7B-D9B4-43C9-9762-3A7B6D1522B8}.Debug|Any CPU.ActiveCfg = Debug|Any CPU
		{002B8A7B-D9B4-43C9-9762-3A7B6D1522B8}.Debug|Any CPU.Build.0 = Debug|Any CPU
		{002B8A7B-D9B4-43C9-9762-3A7B6D1522B8}.Release|Any CPU.ActiveCfg = Release|Any CPU
		{002B8A7B-D9B4-43C9-9762-3A7B6D1522B8}.Release|Any CPU.Build.0 = Release|Any CPU
	EndGlobalSection
	GlobalSection(SolutionProperties) = preSolution
		HideSolutionNode = FALSE
	EndGlobalSection
	GlobalSection(ExtensibilityGlobals) = postSolution
		SolutionGuid = {474CFF6F-DCC3-4B61-85BC-1DC89C4D56FA}
	EndGlobalSection
EndGlobal
