
Microsoft Visual Studio Solution File, Format Version 12.00
# Visual Studio Version 16
VisualStudioVersion = 16.0.33130.400
MinimumVisualStudioVersion = 10.0.40219.1
Project("{9A19103F-16F7-4668-BE54-9A1E7A4F7556}") = "Loops", "Loops.csproj", "{59745E25-D499-4450-A3BD-7BD3B7F5E697}"
EndProject
Global
	GlobalSection(SolutionConfigurationPlatforms) = preSolution
		Debug|Any CPU = Debug|Any CPU
		Release|Any CPU = Release|Any CPU
	EndGlobalSection
	GlobalSection(ProjectConfigurationPlatforms) = postSolution
		{59745E25-D499-4450-A3BD-7BD3B7F5E697}.Debug|Any CPU.ActiveCfg = Debug|Any CPU
		{59745E25-D499-4450-A3BD-7BD3B7F5E697}.Debug|Any CPU.Build.0 = Debug|Any CPU
		{59745E25-D499-4450-A3BD-7BD3B7F5E697}.Release|Any CPU.ActiveCfg = Release|Any CPU
		{59745E25-D499-4450-A3BD-7BD3B7F5E697}.Release|Any CPU.Build.0 = Release|Any CPU
	EndGlobalSection
	GlobalSection(SolutionProperties) = preSolution
		HideSolutionNode = FALSE
	EndGlobalSection
	GlobalSection(ExtensibilityGlobals) = postSolution
		SolutionGuid = {0428908D-B57E-49F0-96FA-3DFAD2460ACC}
	EndGlobalSection
EndGlobal
