
Microsoft Visual Studio Solution File, Format Version 12.00
# Visual Studio Version 16
VisualStudioVersion = 16.0.33423.256
MinimumVisualStudioVersion = 10.0.40219.1
Project("{FAE04EC0-301F-11D3-BF4B-00C04F79EFBC}") = "StudentRegistration", "StudentRegistration\StudentRegistration.csproj", "{7E9010B5-1DE3-435F-8E83-7532ECA80805}"
EndProject
Global
	GlobalSection(SolutionConfigurationPlatforms) = preSolution
		Debug|Any CPU = Debug|Any CPU
		Release|Any CPU = Release|Any CPU
	EndGlobalSection
	GlobalSection(ProjectConfigurationPlatforms) = postSolution
		{7E9010B5-1DE3-435F-8E83-7532ECA80805}.Debug|Any CPU.ActiveCfg = Debug|Any CPU
		{7E9010B5-1DE3-435F-8E83-7532ECA80805}.Debug|Any CPU.Build.0 = Debug|Any CPU
		{7E9010B5-1DE3-435F-8E83-7532ECA80805}.Release|Any CPU.ActiveCfg = Release|Any CPU
		{7E9010B5-1DE3-435F-8E83-7532ECA80805}.Release|Any CPU.Build.0 = Release|Any CPU
	EndGlobalSection
	GlobalSection(SolutionProperties) = preSolution
		HideSolutionNode = FALSE
	EndGlobalSection
	GlobalSection(ExtensibilityGlobals) = postSolution
		SolutionGuid = {DF950CED-D6AA-44AA-A524-0589959FF470}
	EndGlobalSection
EndGlobal
