
Microsoft Visual Studio Solution File, Format Version 12.00
# Visual Studio Version 16
VisualStudioVersion = 16.0.33130.400
MinimumVisualStudioVersion = 10.0.40219.1
Project("{FAE04EC0-301F-11D3-BF4B-00C04F79EFBC}") = "StudentRegistration", "StudentRegistration\StudentRegistration.csproj", "{7E883DA2-804E-42A5-8414-837D479EA9EC}"
EndProject
Global
	GlobalSection(SolutionConfigurationPlatforms) = preSolution
		Debug|Any CPU = Debug|Any CPU
		Release|Any CPU = Release|Any CPU
	EndGlobalSection
	GlobalSection(ProjectConfigurationPlatforms) = postSolution
		{7E883DA2-804E-42A5-8414-837D479EA9EC}.Debug|Any CPU.ActiveCfg = Debug|Any CPU
		{7E883DA2-804E-42A5-8414-837D479EA9EC}.Debug|Any CPU.Build.0 = Debug|Any CPU
		{7E883DA2-804E-42A5-8414-837D479EA9EC}.Release|Any CPU.ActiveCfg = Release|Any CPU
		{7E883DA2-804E-42A5-8414-837D479EA9EC}.Release|Any CPU.Build.0 = Release|Any CPU
	EndGlobalSection
	GlobalSection(SolutionProperties) = preSolution
		HideSolutionNode = FALSE
	EndGlobalSection
	GlobalSection(ExtensibilityGlobals) = postSolution
		SolutionGuid = {66BEC08C-5A35-4655-A5F7-E34500CDED64}
	EndGlobalSection
EndGlobal
